
Microsoft Visual Studio Solution File, Format Version 12.00
# Visual Studio Version 17
VisualStudioVersion = 17.10.34916.146
MinimumVisualStudioVersion = 10.0.40219.1
Project("{FAE04EC0-301F-11D3-BF4B-00C04F79EFBC}") = "TareaMVVMSL", "TareaMVVMSL\TareaMVVMSL.csproj", "{CAFFC049-29D2-4470-B3F1-FC2459E1EC0D}"
EndProject
Global
	GlobalSection(SolutionConfigurationPlatforms) = preSolution
		Debug|Any CPU = Debug|Any CPU
		Release|Any CPU = Release|Any CPU
	EndGlobalSection
	GlobalSection(ProjectConfigurationPlatforms) = postSolution
		{CAFFC049-29D2-4470-B3F1-FC2459E1EC0D}.Debug|Any CPU.ActiveCfg = Debug|Any CPU
		{CAFFC049-29D2-4470-B3F1-FC2459E1EC0D}.Debug|Any CPU.Build.0 = Debug|Any CPU
		{CAFFC049-29D2-4470-B3F1-FC2459E1EC0D}.Debug|Any CPU.Deploy.0 = Debug|Any CPU
		{CAFFC049-29D2-4470-B3F1-FC2459E1EC0D}.Release|Any CPU.ActiveCfg = Release|Any CPU
		{CAFFC049-29D2-4470-B3F1-FC2459E1EC0D}.Release|Any CPU.Build.0 = Release|Any CPU
		{CAFFC049-29D2-4470-B3F1-FC2459E1EC0D}.Release|Any CPU.Deploy.0 = Release|Any CPU
	EndGlobalSection
	GlobalSection(SolutionProperties) = preSolution
		HideSolutionNode = FALSE
	EndGlobalSection
	GlobalSection(ExtensibilityGlobals) = postSolution
		SolutionGuid = {FEE1FFC4-0D83-425F-82D0-215FF83A0E7C}
	EndGlobalSection
EndGlobal
